{
  "originHash" : "7f0bc9a762d231cd5a57150a8ea8d7fd964cd1ae68d089ed4b3e61e41eb93c0c",
  "pins" : [
    {
      "identity" : "commander",
      "kind" : "remoteSourceControl",
      "location" : "https://github.com/reycerwillys-dev/Commander",
      "state" : {
        "revision" : "a696e0343c403163374b76d1dc5828d096cd63dc"
      }
    },
    {
      "identity" : "keyboardshortcuts",
      "kind" : "remoteSourceControl",
      "location" : "https://github.com/sindresorhus/KeyboardShortcuts",
      "state" : {
        "revision" : "1aef85578fdd4f9eaeeb8d53b7b4fc31bf08fe27",
        "version" : "2.4.0"
      }
    },
    {
      "identity" : "sparkle",
      "kind" : "remoteSourceControl",
      "location" : "https://github.com/sparkle-project/Sparkle",
      "state" : {
        "revision" : "d46d456107feacc80711b21847b82b07bd9fb46e",
        "version" : "2.9.3"
      }
    },
    {
      "identity" : "sweetcookiekit",
      "kind" : "remoteSourceControl",
      "location" : "https://github.com/reycerwillys-dev/SweetCookieKit",
      "state" : {
        "revision" : "3fbb8519743aad579412c0906511511a7cbbc5f9"
      }
    },
    {
      "identity" : "swift-asn1",
      "kind" : "remoteSourceControl",
      "location" : "https://github.com/apple/swift-asn1.git",
      "state" : {
        "revision" : "a9a5efd40eaf558a2bcd48d64b1d1646be686008",
        "version" : "1.7.1"
      }
    },
    {
      "identity" : "swift-crypto",
      "kind" : "remoteSourceControl",
      "location" : "https://github.com/apple/swift-crypto",
      "state" : {
        "revision" : "95ba0316a9b733e92bb6b071255ff46263bbe7dc",
        "version" : "3.15.1"
      }
    },
    {
      "identity" : "swift-log",
      "kind" : "remoteSourceControl",
      "location" : "https://github.com/apple/swift-log",
      "state" : {
        "revision" : "92448c359f00ebe36ae97d3bd9086f13c7692b5a",
        "version" : "1.13.2"
      }
    },
    {
      "identity" : "swift-perception",
      "kind" : "remoteSourceControl",
      "location" : "https://github.com/pointfreeco/swift-perception",
      "state" : {
        "revision" : "4f47ebafed5f0b0172cf5c661454fa8e28fb2ac4",
        "version" : "2.0.9"
      }
    },
    {
      "identity" : "swift-syntax",
      "kind" : "remoteSourceControl",
      "location" : "https://github.com/swiftlang/swift-syntax",
      "state" : {
        "revision" : "4799286537280063c85a32f09884cfbca301b1a1",
        "version" : "602.0.0"
      }
    },
    {
      "identity" : "vortex",
      "kind" : "remoteSourceControl",
      "location" : "https://github.com/zats/Vortex",
      "state" : {
        "revision" : "ef5392088d4aeb255c4eee83157dbdafcd31bf07"
      }
    },
    {
      "identity" : "xctest-dynamic-overlay",
      "kind" : "remoteSourceControl",
      "location" : "https://github.com/pointfreeco/xctest-dynamic-overlay",
      "state" : {
        "revision" : "b2ed9eabefe56202ee4939dd9fc46b6241c88317",
        "version" : "1.6.1"
      }
    }
  ],
  "version" : 3
}
